// !$*UTF8*$!
{
	archiveVersion = 1;
	classes = {
	};
	objectVersion = 50;
	objects = {

/* Begin PBXBuildFile section */
		3B3F8BFC2344C97900377880 /* AppDelegate.swift in Sources */ = {isa = PBXBuildFile; fileRef = 3B3F8BFB2344C97900377880 /* AppDelegate.swift */; };
		3B3F8BFE2344C97900377880 /* SceneDelegate.swift in Sources */ = {isa = PBXBuildFile; fileRef = 3B3F8BFD2344C97900377880 /* SceneDelegate.swift */; };
		3B3F8C012344C97900377880 /* pinkipie.xcdatamodeld in Sources */ = {isa = PBXBuildFile; fileRef = 3B3F8BFF2344C97900377880 /* pinkipie.xcdatamodeld */; };
		3B3F8C032344C97900377880 /* ContentView.swift in Sources */ = {isa = PBXBuildFile; fileRef = 3B3F8C022344C97900377880 /* ContentView.swift */; };
		3B3F8C052344C97A00377880 /* Assets.xcassets in Resources */ = {isa = PBXBuildFile; fileRef = 3B3F8C042344C97A00377880 /* Assets.xcassets */; };
		3B3F8C082344C97A00377880 /* Preview Assets.xcassets in Resources */ = {isa = PBXBuildFile; fileRef = 3B3F8C072344C97A00377880 /* Preview Assets.xcassets */; };
		3B3F8C0B2344C97A00377880 /* LaunchScreen.storyboard in Resources */ = {isa = PBXBuildFile; fileRef = 3B3F8C092344C97A00377880 /* LaunchScreen.storyboard */; };
		3B3F8C162344C97A00377880 /* pinkipieTests.swift in Sources */ = {isa = PBXBuildFile; fileRef = 3B3F8C152344C97A00377880 /* pinkipieTests.swift */; };
		3B3F8C212344C97A00377880 /* pinkipieUITests.swift in Sources */ = {isa = PBXBuildFile; fileRef = 3B3F8C202344C97A00377880 /* pinkipieUITests.swift */; };
/* End PBXBuildFile section */

/* Begin PBXContainerItemProxy section */
		3B3F8C122344C97A00377880 /* PBXContainerItemProxy */ = {
			isa = PBXContainerItemProxy;
			containerPortal = 3B3F8BF02344C97900377880 /* Project object */;
			proxyType = 1;
			remoteGlobalIDString = 3B3F8BF72344C97900377880;
			remoteInfo = pinkipie;
		};
		3B3F8C1D2344C97A00377880 /* PBXContainerItemProxy */ = {
			isa = PBXContainerItemProxy;
			containerPortal = 3B3F8BF02344C97900377880 /* Project object */;
			proxyType = 1;
			remoteGlobalIDString = 3B3F8BF72344C97900377880;
			remoteInfo = pinkipie;
		};
/* End PBXContainerItemProxy section */

/* Begin PBXFileReference section */
		3B3F8BF82344C97900377880 /* pinkipie.app */ = {isa = PBXFileReference; explicitFileType = wrapper.application; includeInIndex = 0; path = pinkipie.app; sourceTree = BUILT_PRODUCTS_DIR; };
		3B3F8BFB2344C97900377880 /* AppDelegate.swift */ = {isa = PBXFileReference; lastKnownFileType = sourcecode.swift; path = AppDelegate.swift; sourceTree = "<group>"; };
		3B3F8BFD2344C97900377880 /* SceneDelegate.swift */ = {isa = PBXFileReference; lastKnownFileType = sourcecode.swift; path = SceneDelegate.swift; sourceTree = "<group>"; };
		3B3F8C002344C97900377880 /* pinkipie.xcdatamodel */ = {isa = PBXFileReference; lastKnownFileType = wrapper.xcdatamodel; path = pinkipie.xcdatamodel; sourceTree = "<group>"; };
		3B3F8C022344C97900377880 /* ContentView.swift */ = {isa = PBXFileReference; lastKnownFileType = sourcecode.swift; path = ContentView.swift; sourceTree = "<group>"; };
		3B3F8C042344C97A00377880 /* Assets.xcassets */ = {isa = PBXFileReference; lastKnownFileType = folder.assetcatalog; path = Assets.xcassets; sourceTree = "<group>"; };
		3B3F8C072344C97A00377880 /* Preview Assets.xcassets */ = {isa = PBXFileReference; lastKnownFileType = folder.assetcatalog; path = "Preview Assets.xcassets"; sourceTree = "<group>"; };
		3B3F8C0A2344C97A00377880 /* Base */ = {isa = PBXFileReference; lastKnownFileType = file.storyboard; name = Base; path = Base.lproj/LaunchScreen.storyboard; sourceTree = "<group>"; };
		3B3F8C0C2344C97A00377880 /* Info.plist */ = {isa = PBXFileReference; lastKnownFileType = text.plist.xml; path = Info.plist; sourceTree = "<group>"; };
		3B3F8C112344C97A00377880 /* pinkipieTests.xctest */ = {isa = PBXFileReference; explicitFileType = wrapper.cfbundle; includeInIndex = 0; path = pinkipieTests.xctest; sourceTree = BUILT_PRODUCTS_DIR; };
		3B3F8C152344C97A00377880 /* pinkipieTests.swift */ = {isa = PBXFileReference; lastKnownFileType = sourcecode.swift; path = pinkipieTests.swift; sourceTree = "<group>"; };
		3B3F8C172344C97A00377880 /* Info.plist */ = {isa = PBXFileReference; lastKnownFileType = text.plist.xml; path = Info.plist; sourceTree = "<group>"; };
		3B3F8C1C2344C97A00377880 /* pinkipieUITests.xctest */ = {isa = PBXFileReference; explicitFileType = wrapper.cfbundle; includeInIndex = 0; path = pinkipieUITests.xctest; sourceTree = BUILT_PRODUCTS_DIR; };
		3B3F8C202344C97A00377880 /* pinkipieUITests.swift */ = {isa = PBXFileReference; lastKnownFileType = sourcecode.swift; path = pinkipieUITests.swift; sourceTree = "<group>"; };
		3B3F8C222344C97A00377880 /* Info.plist */ = {isa = PBXFileReference; lastKnownFileType = text.plist.xml; path = Info.plist; sourceTree = "<group>"; };
/* End PBXFileReference section */

/* Begin PBXFrameworksBuildPhase section */
		3B3F8BF52344C97900377880 /* Frameworks */ = {
			isa = PBXFrameworksBuildPhase;
			buildActionMask = 2147483647;
			files = (
			);
			runOnlyForDeploymentPostprocessing = 0;
		};
		3B3F8C0E2344C97A00377880 /* Frameworks */ = {
			isa = PBXFrameworksBuildPhase;
			buildActionMask = 2147483647;
			files = (
			);
			runOnlyForDeploymentPostprocessing = 0;
		};
		3B3F8C192344C97A00377880 /* Frameworks */ = {
			isa = PBXFrameworksBuildPhase;
			buildActionMask = 2147483647;
			files = (
			);
			runOnlyForDeploymentPostprocessing = 0;
		};
/* End PBXFrameworksBuildPhase section */

/* Begin PBXGroup section */
		3B3F8BEF2344C97900377880 = {
			isa = PBXGroup;
			children = (
				3B3F8BFA2344C97900377880 /* pinkipie */,
				3B3F8C142344C97A00377880 /* pinkipieTests */,
				3B3F8C1F2344C97A00377880 /* pinkipieUITests */,
				3B3F8BF92344C97900377880 /* Products */,
			);
			sourceTree = "<group>";
		};
		3B3F8BF92344C97900377880 /* Products */ = {
			isa = PBXGroup;
			children = (
				3B3F8BF82344C97900377880 /* pinkipie.app */,
				3B3F8C112344C97A00377880 /* pinkipieTests.xctest */,
				3B3F8C1C2344C97A00377880 /* pinkipieUITests.xctest */,
			);
			name = Products;
			sourceTree = "<group>";
		};
		3B3F8BFA2344C97900377880 /* pinkipie */ = {
			isa = PBXGroup;
			children = (
				3B3F8BFB2344C97900377880 /* AppDelegate.swift */,
				3B3F8BFD2344C97900377880 /* SceneDelegate.swift */,
				3B3F8C022344C97900377880 /* ContentView.swift */,
				3B3F8C042344C97A00377880 /* Assets.xcassets */,
				3B3F8C092344C97A00377880 /* LaunchScreen.storyboard */,
				3B3F8C0C2344C97A00377880 /* Info.plist */,
				3B3F8BFF2344C97900377880 /* pinkipie.xcdatamodeld */,
				3B3F8C062344C97A00377880 /* Preview Content */,
			);
			path = pinkipie;
			sourceTree = "<group>";
		};
		3B3F8C062344C97A00377880 /* Preview Content */ = {
			isa = PBXGroup;
			children = (
				3B3F8C072344C97A00377880 /* Preview Assets.xcassets */,
			);
			path = "Preview Content";
			sourceTree = "<group>";
		};
		3B3F8C142344C97A00377880 /* pinkipieTests */ = {
			isa = PBXGroup;
			children = (
				3B3F8C152344C97A00377880 /* pinkipieTests.swift */,
				3B3F8C172344C97A00377880 /* Info.plist */,
			);
			path = pinkipieTests;
			sourceTree = "<group>";
		};
		3B3F8C1F2344C97A00377880 /* pinkipieUITests */ = {
			isa = PBXGroup;
			children = (
				3B3F8C202344C97A00377880 /* pinkipieUITests.swift */,
				3B3F8C222344C97A00377880 /* Info.plist */,
			);
			path = pinkipieUITests;
			sourceTree = "<group>";
		};
/* End PBXGroup section */

/* Begin PBXNativeTarget section */
		3B3F8BF72344C97900377880 /* pinkipie */ = {
			isa = PBXNativeTarget;
			buildConfigurationList = 3B3F8C252344C97A00377880 /* Build configuration list for PBXNativeTarget "pinkipie" */;
			buildPhases = (
				3B3F8BF42344C97900377880 /* Sources */,
				3B3F8BF52344C97900377880 /* Frameworks */,
				3B3F8BF62344C97900377880 /* Resources */,
			);
			buildRules = (
			);
			dependencies = (
			);
			name = pinkipie;
			productName = pinkipie;
			productReference = 3B3F8BF82344C97900377880 /* pinkipie.app */;
			productType = "com.apple.product-type.application";
		};
		3B3F8C102344C97A00377880 /* pinkipieTests */ = {
			isa = PBXNativeTarget;
			buildConfigurationList = 3B3F8C282344C97A00377880 /* Build configuration list for PBXNativeTarget "pinkipieTests" */;
			buildPhases = (
				3B3F8C0D2344C97A00377880 /* Sources */,
				3B3F8C0E2344C97A00377880 /* Frameworks */,
				3B3F8C0F2344C97A00377880 /* Resources */,
			);
			buildRules = (
			);
			dependencies = (
				3B3F8C132344C97A00377880 /* PBXTargetDependency */,
			);
			name = pinkipieTests;
			productName = pinkipieTests;
			productReference = 3B3F8C112344C97A00377880 /* pinkipieTests.xctest */;
			productType = "com.apple.product-type.bundle.unit-test";
		};
		3B3F8C1B2344C97A00377880 /* pinkipieUITests */ = {
			isa = PBXNativeTarget;
			buildConfigurationList = 3B3F8C2B2344C97A00377880 /* Build configuration list for PBXNativeTarget "pinkipieUITests" */;
			buildPhases = (
				3B3F8C182344C97A00377880 /* Sources */,
				3B3F8C192344C97A00377880 /* Frameworks */,
				3B3F8C1A2344C97A00377880 /* Resources */,
			);
			buildRules = (
			);
			dependencies = (
				3B3F8C1E2344C97A00377880 /* PBXTargetDependency */,
			);
			name = pinkipieUITests;
			productName = pinkipieUITests;
			productReference = 3B3F8C1C2344C97A00377880 /* pinkipieUITests.xctest */;
			productType = "com.apple.product-type.bundle.ui-testing";
		};
/* End PBXNativeTarget section */

/* Begin PBXProject section */
		3B3F8BF02344C97900377880 /* Project object */ = {
			isa = PBXProject;
			attributes = {
				LastSwiftUpdateCheck = 1100;
				LastUpgradeCheck = 1100;
				ORGANIZATIONNAME = pinkipie;
				TargetAttributes = {
					3B3F8BF72344C97900377880 = {
						CreatedOnToolsVersion = 11.0;
					};
					3B3F8C102344C97A00377880 = {
						CreatedOnToolsVersion = 11.0;
						TestTargetID = 3B3F8BF72344C97900377880;
					};
					3B3F8C1B2344C97A00377880 = {
						CreatedOnToolsVersion = 11.0;
						TestTargetID = 3B3F8BF72344C97900377880;
					};
				};
			};
			buildConfigurationList = 3B3F8BF32344C97900377880 /* Build configuration list for PBXProject "pinkipie" */;
			compatibilityVersion = "Xcode 9.3";
			developmentRegion = en;
			hasScannedForEncodings = 0;
			knownRegions = (
				en,
				Base,
			);
			mainGroup = 3B3F8BEF2344C97900377880;
			productRefGroup = 3B3F8BF92344C97900377880 /* Products */;
			projectDirPath = "";
			projectRoot = "";
			targets = (
				3B3F8BF72344C97900377880 /* pinkipie */,
				3B3F8C102344C97A00377880 /* pinkipieTests */,
				3B3F8C1B2344C97A00377880 /* pinkipieUITests */,
			);
		};
/* End PBXProject section */

/* Begin PBXResourcesBuildPhase section */
		3B3F8BF62344C97900377880 /* Resources */ = {
			isa = PBXResourcesBuildPhase;
			buildActionMask = 2147483647;
			files = (
				3B3F8C0B2344C97A00377880 /* LaunchScreen.storyboard in Resources */,
				3B3F8C082344C97A00377880 /* Preview Assets.xcassets in Resources */,
				3B3F8C052344C97A00377880 /* Assets.xcassets in Resources */,
			);
			runOnlyForDeploymentPostprocessing = 0;
		};
		3B3F8C0F2344C97A00377880 /* Resources */ = {
			isa = PBXResourcesBuildPhase;
			buildActionMask = 2147483647;
			files = (
			);
			runOnlyForDeploymentPostprocessing = 0;
		};
		3B3F8C1A2344C97A00377880 /* Resources */ = {
			isa = PBXResourcesBuildPhase;
			buildActionMask = 2147483647;
			files = (
			);
			runOnlyForDeploymentPostprocessing = 0;
		};
/* End PBXResourcesBuildPhase section */

/* Begin PBXSourcesBuildPhase section */
		3B3F8BF42344C97900377880 /* Sources */ = {
			isa = PBXSourcesBuildPhase;
			buildActionMask = 2147483647;
			files = (
				3B3F8BFC2344C97900377880 /* AppDelegate.swift in Sources */,
				3B3F8BFE2344C97900377880 /* SceneDelegate.swift in Sources */,
				3B3F8C032344C97900377880 /* ContentView.swift in Sources */,
				3B3F8C012344C97900377880 /* pinkipie.xcdatamodeld in Sources */,
			);
			runOnlyForDeploymentPostprocessing = 0;
		};
		3B3F8C0D2344C97A00377880 /* Sources */ = {
			isa = PBXSourcesBuildPhase;
			buildActionMask = 2147483647;
			files = (
				3B3F8C162344C97A00377880 /* pinkipieTests.swift in Sources */,
			);
			runOnlyForDeploymentPostprocessing = 0;
		};
		3B3F8C182344C97A00377880 /* Sources */ = {
			isa = PBXSourcesBuildPhase;
			buildActionMask = 2147483647;
			files = (
				3B3F8C212344C97A00377880 /* pinkipieUITests.swift in Sources */,
			);
			runOnlyForDeploymentPostprocessing = 0;
		};
/* End PBXSourcesBuildPhase section */

/* Begin PBXTargetDependency section */
		3B3F8C132344C97A00377880 /* PBXTargetDependency */ = {
			isa = PBXTargetDependency;
			target = 3B3F8BF72344C97900377880 /* pinkipie */;
			targetProxy = 3B3F8C122344C97A00377880 /* PBXContainerItemProxy */;
		};
		3B3F8C1E2344C97A00377880 /* PBXTargetDependency */ = {
			isa = PBXTargetDependency;
			target = 3B3F8BF72344C97900377880 /* pinkipie */;
			targetProxy = 3B3F8C1D2344C97A00377880 /* PBXContainerItemProxy */;
		};
/* End PBXTargetDependency section */

/* Begin PBXVariantGroup section */
		3B3F8C092344C97A00377880 /* LaunchScreen.storyboard */ = {
			isa = PBXVariantGroup;
			children = (
				3B3F8C0A2344C97A00377880 /* Base */,
			);
			name = LaunchScreen.storyboard;
			sourceTree = "<group>";
		};
/* End PBXVariantGroup section */

/* Begin XCBuildConfiguration section */
		3B3F8C232344C97A00377880 /* Debug */ = {
			isa = XCBuildConfiguration;
			buildSettings = {
				ALWAYS_SEARCH_USER_PATHS = NO;
				CLANG_ANALYZER_NONNULL = YES;
				CLANG_ANALYZER_NUMBER_OBJECT_CONVERSION = YES_AGGRESSIVE;
				CLANG_CXX_LANGUAGE_STANDARD = "gnu++14";
				CLANG_CXX_LIBRARY = "libc++";
				CLANG_ENABLE_MODULES = YES;
				CLANG_ENABLE_OBJC_ARC = YES;
				CLANG_ENABLE_OBJC_WEAK = YES;
				CLANG_WARN_BLOCK_CAPTURE_AUTORELEASING = YES;
				CLANG_WARN_BOOL_CONVERSION = YES;
				CLANG_WARN_COMMA = YES;
				CLANG_WARN_CONSTANT_CONVERSION = YES;
				CLANG_WARN_DEPRECATED_OBJC_IMPLEMENTATIONS = YES;
				CLANG_WARN_DIRECT_OBJC_ISA_USAGE = YES_ERROR;
				CLANG_WARN_DOCUMENTATION_COMMENTS = YES;
				CLANG_WARN_EMPTY_BODY = YES;
				CLANG_WARN_ENUM_CONVERSION = YES;
				CLANG_WARN_INFINITE_RECURSION = YES;
				CLANG_WARN_INT_CONVERSION = YES;
				CLANG_WARN_NON_LITERAL_NULL_CONVERSION = YES;
				CLANG_WARN_OBJC_IMPLICIT_RETAIN_SELF = YES;
				CLANG_WARN_OBJC_LITERAL_CONVERSION = YES;
				CLANG_WARN_OBJC_ROOT_CLASS = YES_ERROR;
				CLANG_WARN_RANGE_LOOP_ANALYSIS = YES;
				CLANG_WARN_STRICT_PROTOTYPES = YES;
				CLANG_WARN_SUSPICIOUS_MOVE = YES;
				CLANG_WARN_UNGUARDED_AVAILABILITY = YES_AGGRESSIVE;
				CLANG_WARN_UNREACHABLE_CODE = YES;
				CLANG_WARN__DUPLICATE_METHOD_MATCH = YES;
				COPY_PHASE_STRIP = NO;
				DEBUG_INFORMATION_FORMAT = dwarf;
				ENABLE_STRICT_OBJC_MSGSEND = YES;
				ENABLE_TESTABILITY = YES;
				GCC_C_LANGUAGE_STANDARD = gnu11;
				GCC_DYNAMIC_NO_PIC = NO;
				GCC_NO_COMMON_BLOCKS = YES;
				GCC_OPTIMIZATION_LEVEL = 0;
				GCC_PREPROCESSOR_DEFINITIONS = (
					"DEBUG=1",
					"$(inherited)",
				);
				GCC_WARN_64_TO_32_BIT_CONVERSION = YES;
				GCC_WARN_ABOUT_RETURN_TYPE = YES_ERROR;
				GCC_WARN_UNDECLARED_SELECTOR = YES;
				GCC_WARN_UNINITIALIZED_AUTOS = YES_AGGRESSIVE;
				GCC_WARN_UNUSED_FUNCTION = YES;
				GCC_WARN_UNUSED_VARIABLE = YES;
				IPHONEOS_DEPLOYMENT_TARGET = 13.0;
				MTL_ENABLE_DEBUG_INFO = INCLUDE_SOURCE;
				MTL_FAST_MATH = YES;
				ONLY_ACTIVE_ARCH = YES;
				SDKROOT = iphoneos;
				SWIFT_ACTIVE_COMPILATION_CONDITIONS = DEBUG;
				SWIFT_OPTIMIZATION_LEVEL = "-Onone";
			};
			name = Debug;
		};
		3B3F8C242344C97A00377880 /* Release */ = {
			isa = XCBuildConfiguration;
			buildSettings = {
				ALWAYS_SEARCH_USER_PATHS = NO;
				CLANG_ANALYZER_NONNULL = YES;
				CLANG_ANALYZER_NUMBER_OBJECT_CONVERSION = YES_AGGRESSIVE;
				CLANG_CXX_LANGUAGE_STANDARD = "gnu++14";
				CLANG_CXX_LIBRARY = "libc++";
				CLANG_ENABLE_MODULES = YES;
				CLANG_ENABLE_OBJC_ARC = YES;
				CLANG_ENABLE_OBJC_WEAK = YES;
				CLANG_WARN_BLOCK_CAPTURE_AUTORELEASING = YES;
				CLANG_WARN_BOOL_CONVERSION = YES;
				CLANG_WARN_COMMA = YES;
				CLANG_WARN_CONSTANT_CONVERSION = YES;
				CLANG_WARN_DEPRECATED_OBJC_IMPLEMENTATIONS = YES;
				CLANG_WARN_DIRECT_OBJC_ISA_USAGE = YES_ERROR;
				CLANG_WARN_DOCUMENTATION_COMMENTS = YES;
				CLANG_WARN_EMPTY_BODY = YES;
				CLANG_WARN_ENUM_CONVERSION = YES;
				CLANG_WARN_INFINITE_RECURSION = YES;
				CLANG_WARN_INT_CONVERSION = YES;
				CLANG_WARN_NON_LITERAL_NULL_CONVERSION = YES;
				CLANG_WARN_OBJC_IMPLICIT_RETAIN_SELF = YES;
				CLANG_WARN_OBJC_LITERAL_CONVERSION = YES;
				CLANG_WARN_OBJC_ROOT_CLASS = YES_ERROR;
				CLANG_WARN_RANGE_LOOP_ANALYSIS = YES;
				CLANG_WARN_STRICT_PROTOTYPES = YES;
				CLANG_WARN_SUSPICIOUS_MOVE = YES;
				CLANG_WARN_UNGUARDED_AVAILABILITY = YES_AGGRESSIVE;
				CLANG_WARN_UNREACHABLE_CODE = YES;
				CLANG_WARN__DUPLICATE_METHOD_MATCH = YES;
				COPY_PHASE_STRIP = NO;
				DEBUG_INFORMATION_FORMAT = "dwarf-with-dsym";
				ENABLE_NS_ASSERTIONS = NO;
				ENABLE_STRICT_OBJC_MSGSEND = YES;
				GCC_C_LANGUAGE_STANDARD = gnu11;
				GCC_NO_COMMON_BLOCKS = YES;
				GCC_WARN_64_TO_32_BIT_CONVERSION = YES;
				GCC_WARN_ABOUT_RETURN_TYPE = YES_ERROR;
				GCC_WARN_UNDECLARED_SELECTOR = YES;
				GCC_WARN_UNINITIALIZED_AUTOS = YES_AGGRESSIVE;
				GCC_WARN_UNUSED_FUNCTION = YES;
				GCC_WARN_UNUSED_VARIABLE = YES;
				IPHONEOS_DEPLOYMENT_TARGET = 13.0;
				MTL_ENABLE_DEBUG_INFO = NO;
				MTL_FAST_MATH = YES;
				SDKROOT = iphoneos;
				SWIFT_COMPILATION_MODE = wholemodule;
				SWIFT_OPTIMIZATION_LEVEL = "-O";
				VALIDATE_PRODUCT = YES;
			};
			name = Release;
		};
		3B3F8C262344C97A00377880 /* Debug */ = {
			isa = XCBuildConfiguration;
			buildSettings = {
				ASSETCATALOG_COMPILER_APPICON_NAME = AppIcon;
				CODE_SIGN_STYLE = Automatic;
				DEVELOPMENT_ASSET_PATHS = "\"pinkipie/Preview Content\"";
				ENABLE_PREVIEWS = YES;
				INFOPLIST_FILE = pinkipie/Info.plist;
				LD_RUNPATH_SEARCH_PATHS = (
					"$(inherited)",
					"@executable_path/Frameworks",
				);
				PRODUCT_BUNDLE_IDENTIFIER = com.pinkipie.pinkipie;
				PRODUCT_NAME = "$(TARGET_NAME)";
				SWIFT_VERSION = 5.0;
				TARGETED_DEVICE_FAMILY = "1,2";
			};
			name = Debug;
		};
		3B3F8C272344C97A00377880 /* Release */ = {
			isa = XCBuildConfiguration;
			buildSettings = {
				ASSETCATALOG_COMPILER_APPICON_NAME = AppIcon;
				CODE_SIGN_STYLE = Automatic;
				DEVELOPMENT_ASSET_PATHS = "\"pinkipie/Preview Content\"";
				ENABLE_PREVIEWS = YES;
				INFOPLIST_FILE = pinkipie/Info.plist;
				LD_RUNPATH_SEARCH_PATHS = (
					"$(inherited)",
					"@executable_path/Frameworks",
				);
				PRODUCT_BUNDLE_IDENTIFIER = com.pinkipie.pinkipie;
				PRODUCT_NAME = "$(TARGET_NAME)";
				SWIFT_VERSION = 5.0;
				TARGETED_DEVICE_FAMILY = "1,2";
			};
			name = Release;
		};
		3B3F8C292344C97A00377880 /* Debug */ = {
			isa = XCBuildConfiguration;
			buildSettings = {
				ALWAYS_EMBED_SWIFT_STANDARD_LIBRARIES = YES;
				BUNDLE_LOADER = "$(TEST_HOST)";
				CODE_SIGN_STYLE = Automatic;
				INFOPLIST_FILE = pinkipieTests/Info.plist;
				IPHONEOS_DEPLOYMENT_TARGET = 13.0;
				LD_RUNPATH_SEARCH_PATHS = (
					"$(inherited)",
					"@executable_path/Frameworks",
					"@loader_path/Frameworks",
				);
				PRODUCT_BUNDLE_IDENTIFIER = com.pinkipie.pinkipieTests;
				PRODUCT_NAME = "$(TARGET_NAME)";
				SWIFT_VERSION = 5.0;
				TARGETED_DEVICE_FAMILY = "1,2";
				TEST_HOST = "$(BUILT_PRODUCTS_DIR)/pinkipie.app/pinkipie";
			};
			name = Debug;
		};
		3B3F8C2A2344C97A00377880 /* Release */ = {
			isa = XCBuildConfiguration;
			buildSettings = {
				ALWAYS_EMBED_SWIFT_STANDARD_LIBRARIES = YES;
				BUNDLE_LOADER = "$(TEST_HOST)";
				CODE_SIGN_STYLE = Automatic;
				INFOPLIST_FILE = pinkipieTests/Info.plist;
				IPHONEOS_DEPLOYMENT_TARGET = 13.0;
				LD_RUNPATH_SEARCH_PATHS = (
					"$(inherited)",
					"@executable_path/Frameworks",
					"@loader_path/Frameworks",
				);
				PRODUCT_BUNDLE_IDENTIFIER = com.pinkipie.pinkipieTests;
				PRODUCT_NAME = "$(TARGET_NAME)";
				SWIFT_VERSION = 5.0;
				TARGETED_DEVICE_FAMILY = "1,2";
				TEST_HOST = "$(BUILT_PRODUCTS_DIR)/pinkipie.app/pinkipie";
			};
			name = Release;
		};
		3B3F8C2C2344C97A00377880 /* Debug */ = {
			isa = XCBuildConfiguration;
			buildSettings = {
				ALWAYS_EMBED_SWIFT_STANDARD_LIBRARIES = YES;
				CODE_SIGN_STYLE = Automatic;
				INFOPLIST_FILE = pinkipieUITests/Info.plist;
				LD_RUNPATH_SEARCH_PATHS = (
					"$(inherited)",
					"@executable_path/Frameworks",
					"@loader_path/Frameworks",
				);
				PRODUCT_BUNDLE_IDENTIFIER = com.pinkipie.pinkipieUITests;
				PRODUCT_NAME = "$(TARGET_NAME)";
				SWIFT_VERSION = 5.0;
				TARGETED_DEVICE_FAMILY = "1,2";
				TEST_TARGET_NAME = pinkipie;
			};
			name = Debug;
		};
		3B3F8C2D2344C97A00377880 /* Release */ = {
			isa = XCBuildConfiguration;
			buildSettings = {
				ALWAYS_EMBED_SWIFT_STANDARD_LIBRARIES = YES;
				CODE_SIGN_STYLE = Automatic;
				INFOPLIST_FILE = pinkipieUITests/Info.plist;
				LD_RUNPATH_SEARCH_PATHS = (
					"$(inherited)",
					"@executable_path/Frameworks",
					"@loader_path/Frameworks",
				);
				PRODUCT_BUNDLE_IDENTIFIER = com.pinkipie.pinkipieUITests;
				PRODUCT_NAME = "$(TARGET_NAME)";
				SWIFT_VERSION = 5.0;
				TARGETED_DEVICE_FAMILY = "1,2";
				TEST_TARGET_NAME = pinkipie;
			};
			name = Release;
		};
/* End XCBuildConfiguration section */

/* Begin XCConfigurationList section */
		3B3F8BF32344C97900377880 /* Build configuration list for PBXProject "pinkipie" */ = {
			isa = XCConfigurationList;
			buildConfigurations = (
				3B3F8C232344C97A00377880 /* Debug */,
				3B3F8C242344C97A00377880 /* Release */,
			);
			defaultConfigurationIsVisible = 0;
			defaultConfigurationName = Release;
		};
		3B3F8C252344C97A00377880 /* Build configuration list for PBXNativeTarget "pinkipie" */ = {
			isa = XCConfigurationList;
			buildConfigurations = (
				3B3F8C262344C97A00377880 /* Debug */,
				3B3F8C272344C97A00377880 /* Release */,
			);
			defaultConfigurationIsVisible = 0;
			defaultConfigurationName = Release;
		};
		3B3F8C282344C97A00377880 /* Build configuration list for PBXNativeTarget "pinkipieTests" */ = {
			isa = XCConfigurationList;
			buildConfigurations = (
				3B3F8C292344C97A00377880 /* Debug */,
				3B3F8C2A2344C97A00377880 /* Release */,
			);
			defaultConfigurationIsVisible = 0;
			defaultConfigurationName = Release;
		};
		3B3F8C2B2344C97A00377880 /* Build configuration list for PBXNativeTarget "pinkipieUITests" */ = {
			isa = XCConfigurationList;
			buildConfigurations = (
				3B3F8C2C2344C97A00377880 /* Debug */,
				3B3F8C2D2344C97A00377880 /* Release */,
			);
			defaultConfigurationIsVisible = 0;
			defaultConfigurationName = Release;
		};
/* End XCConfigurationList section */

/* Begin XCVersionGroup section */
		3B3F8BFF2344C97900377880 /* pinkipie.xcdatamodeld */ = {
			isa = XCVersionGroup;
			children = (
				3B3F8C002344C97900377880 /* pinkipie.xcdatamodel */,
			);
			currentVersion = 3B3F8C002344C97900377880 /* pinkipie.xcdatamodel */;
			path = pinkipie.xcdatamodeld;
			sourceTree = "<group>";
			versionGroupType = wrapper.xcdatamodel;
		};
/* End XCVersionGroup section */
	};
	rootObject = 3B3F8BF02344C97900377880 /* Project object */;
}
